
Microsoft Visual Studio Solution File, Format Version 12.00
# Visual Studio Version 17
VisualStudioVersion = 17.14.37012.4
MinimumVisualStudioVersion = 10.0.40219.1
Project("{FAE04EC0-301F-11D3-BF4B-00C04F79EFBC}") = "Personas.Domain", "Personas.Domain\Personas.Domain.csproj", "{3AABB0A6-9778-4BC6-BECE-0B28A938CFF3}"
EndProject
Project("{FAE04EC0-301F-11D3-BF4B-00C04F79EFBC}") = "Personas.Application", "Personas.Application\Personas.Application.csproj", "{ED1FF630-832E-42D9-AA5E-667F23BE1F8D}"
EndProject
Project("{FAE04EC0-301F-11D3-BF4B-00C04F79EFBC}") = "Personas.Infrastructure", "Personas.Infrastructure\Personas.Infrastructure.csproj", "{2FF39B12-DB6C-4E3A-9DF7-23AB475E153C}"
EndProject
Project("{FAE04EC0-301F-11D3-BF4B-00C04F79EFBC}") = "Personas.Test", "Personas.Test\Personas.Test.csproj", "{8C74F833-0C98-4F8F-BBE5-F4A49AAE440A}"
EndProject
Project("{FAE04EC0-301F-11D3-BF4B-00C04F79EFBC}") = "Personas.api", "Personas.api\Personas.api.csproj", "{5FB131AF-C032-47D1-B210-28DF62D56EAC}"
EndProject
Global
	GlobalSection(SolutionConfigurationPlatforms) = preSolution
		Debug|Any CPU = Debug|Any CPU
		Release|Any CPU = Release|Any CPU
	EndGlobalSection
	GlobalSection(ProjectConfigurationPlatforms) = postSolution
		{3AABB0A6-9778-4BC6-BECE-0B28A938CFF3}.Debug|Any CPU.ActiveCfg = Debug|Any CPU
		{3AABB0A6-9778-4BC6-BECE-0B28A938CFF3}.Debug|Any CPU.Build.0 = Debug|Any CPU
		{3AABB0A6-9778-4BC6-BECE-0B28A938CFF3}.Release|Any CPU.ActiveCfg = Release|Any CPU
		{3AABB0A6-9778-4BC6-BECE-0B28A938CFF3}.Release|Any CPU.Build.0 = Release|Any CPU
		{ED1FF630-832E-42D9-AA5E-667F23BE1F8D}.Debug|Any CPU.ActiveCfg = Debug|Any CPU
		{ED1FF630-832E-42D9-AA5E-667F23BE1F8D}.Debug|Any CPU.Build.0 = Debug|Any CPU
		{ED1FF630-832E-42D9-AA5E-667F23BE1F8D}.Release|Any CPU.ActiveCfg = Release|Any CPU
		{ED1FF630-832E-42D9-AA5E-667F23BE1F8D}.Release|Any CPU.Build.0 = Release|Any CPU
		{2FF39B12-DB6C-4E3A-9DF7-23AB475E153C}.Debug|Any CPU.ActiveCfg = Debug|Any CPU
		{2FF39B12-DB6C-4E3A-9DF7-23AB475E153C}.Debug|Any CPU.Build.0 = Debug|Any CPU
		{2FF39B12-DB6C-4E3A-9DF7-23AB475E153C}.Release|Any CPU.ActiveCfg = Release|Any CPU
		{2FF39B12-DB6C-4E3A-9DF7-23AB475E153C}.Release|Any CPU.Build.0 = Release|Any CPU
		{8C74F833-0C98-4F8F-BBE5-F4A49AAE440A}.Debug|Any CPU.ActiveCfg = Debug|Any CPU
		{8C74F833-0C98-4F8F-BBE5-F4A49AAE440A}.Debug|Any CPU.Build.0 = Debug|Any CPU
		{8C74F833-0C98-4F8F-BBE5-F4A49AAE440A}.Release|Any CPU.ActiveCfg = Release|Any CPU
		{8C74F833-0C98-4F8F-BBE5-F4A49AAE440A}.Release|Any CPU.Build.0 = Release|Any CPU
		{5FB131AF-C032-47D1-B210-28DF62D56EAC}.Debug|Any CPU.ActiveCfg = Debug|Any CPU
		{5FB131AF-C032-47D1-B210-28DF62D56EAC}.Debug|Any CPU.Build.0 = Debug|Any CPU
		{5FB131AF-C032-47D1-B210-28DF62D56EAC}.Release|Any CPU.ActiveCfg = Release|Any CPU
		{5FB131AF-C032-47D1-B210-28DF62D56EAC}.Release|Any CPU.Build.0 = Release|Any CPU
	EndGlobalSection
	GlobalSection(SolutionProperties) = preSolution
		HideSolutionNode = FALSE
	EndGlobalSection
	GlobalSection(ExtensibilityGlobals) = postSolution
		SolutionGuid = {730E8F63-FF5B-408B-990E-030F1B8E5B2F}
	EndGlobalSection
EndGlobal
